PODS:
  - AHEasing (1.1)
  - UIView+EasingFunctions (0.0.2):
    - UIView+EasingFunctions/Bare
    - UIView+EasingFunctions/WithAHEasing
  - UIView+EasingFunctions/Bare (0.0.2)
  - UIView+EasingFunctions/WithAHEasing (0.0.2):
    - AHEasing

DEPENDENCIES:
  - UIView+EasingFunctions (from `../`)

EXTERNAL SOURCES:
  UIView+EasingFunctions:
    :path: ../

SPEC CHECKSUMS:
  AHEasing: b9a02ca67d0d663e2a8b83fd24fa8c2ecc5ddf9b
  UIView+EasingFunctions: 8439c94ec07a9bf922c665320289fb12761f4614

COCOAPODS: 0.22.3
